PODS:
  - WZNamespaceWrappable (2.1.0)

DEPENDENCIES:
  - WZNamespaceWrappable (from `../`)

EXTERNAL SOURCES:
  WZNamespaceWrappable:
    :path: "../"

SPEC CHECKSUMS:
  WZNamespaceWrappable: 623a9dd6f9bf21971d6d2d5a211bf1716c3727c3

PODFILE CHECKSUM: 1119bbe5714b30bc0efcc2d4e032e06fc65a887f

COCOAPODS: 1.10.0
