PODS:
  - WZNamespaceWrappable (1.0.0)

DEPENDENCIES:
  - WZNamespaceWrappable (from `../`)

EXTERNAL SOURCES:
  WZNamespaceWrappable:
    :path: "../"

SPEC CHECKSUMS:
  WZNamespaceWrappable: 9cda00a09d150b9347ffbcb6cd4d8b8a123ed8f2

PODFILE CHECKSUM: 9bbd325ece24b98157546e4a4728364cc98176c2

COCOAPODS: 1.9.1
